
Microsoft Visual Studio Solution File, Format Version 12.00
# Visual Studio Version 17
VisualStudioVersion = 17.1.32421.90
MinimumVisualStudioVersion = 10.0.40219.1
Project("{9A19103F-16F7-4668-BE54-9A1E7A4F7556}") = "ProjectBankApp", "ProjectBankApp.csproj", "{B9C61347-604E-422C-BC99-6A8DD1D5A127}"
EndProject
Global
	GlobalSection(SolutionConfigurationPlatforms) = preSolution
		Debug|Any CPU = Debug|Any CPU
		Release|Any CPU = Release|Any CPU
	EndGlobalSection
	GlobalSection(ProjectConfigurationPlatforms) = postSolution
		{B9C61347-604E-422C-BC99-6A8DD1D5A127}.Debug|Any CPU.ActiveCfg = Debug|Any CPU
		{B9C61347-604E-422C-BC99-6A8DD1D5A127}.Debug|Any CPU.Build.0 = Debug|Any CPU
		{B9C61347-604E-422C-BC99-6A8DD1D5A127}.Release|Any CPU.ActiveCfg = Release|Any CPU
		{B9C61347-604E-422C-BC99-6A8DD1D5A127}.Release|Any CPU.Build.0 = Release|Any CPU
	EndGlobalSection
	GlobalSection(SolutionProperties) = preSolution
		HideSolutionNode = FALSE
	EndGlobalSection
	GlobalSection(ExtensibilityGlobals) = postSolution
		SolutionGuid = {404E0D32-3FE4-4C37-92E7-0F8F80C507B1}
	EndGlobalSection
EndGlobal
